
Microsoft Visual Studio Solution File, Format Version 12.00
# Visual Studio Version 16
VisualStudioVersion = 16.0.31410.357
MinimumVisualStudioVersion = 10.0.40219.1
Project("{FAE04EC0-301F-11D3-BF4B-00C04F79EFBC}") = "2021-06-18_partialViewExperimente", "2021-06-18_partialViewExperimente.csproj", "{4E466D5B-0B7D-429B-AEC5-D9A0A8E43BD2}"
EndProject
Global
	GlobalSection(SolutionConfigurationPlatforms) = preSolution
		Debug|Any CPU = Debug|Any CPU
		Release|Any CPU = Release|Any CPU
	EndGlobalSection
	GlobalSection(ProjectConfigurationPlatforms) = postSolution
		{4E466D5B-0B7D-429B-AEC5-D9A0A8E43BD2}.Debug|Any CPU.ActiveCfg = Debug|Any CPU
		{4E466D5B-0B7D-429B-AEC5-D9A0A8E43BD2}.Debug|Any CPU.Build.0 = Debug|Any CPU
		{4E466D5B-0B7D-429B-AEC5-D9A0A8E43BD2}.Release|Any CPU.ActiveCfg = Release|Any CPU
		{4E466D5B-0B7D-429B-AEC5-D9A0A8E43BD2}.Release|Any CPU.Build.0 = Release|Any CPU
	EndGlobalSection
	GlobalSection(SolutionProperties) = preSolution
		HideSolutionNode = FALSE
	EndGlobalSection
	GlobalSection(ExtensibilityGlobals) = postSolution
		SolutionGuid = {01BC32EA-C678-4119-9C58-34E2FB587496}
	EndGlobalSection
EndGlobal
